
Microsoft Visual Studio Solution File, Format Version 12.00
# Visual Studio Version 17
VisualStudioVersion = 17.9.34723.18
MinimumVisualStudioVersion = 10.0.40219.1
Project("{FAE04EC0-301F-11D3-BF4B-00C04F79EFBC}") = "WebLibrary", "WebLibrary\WebLibrary.csproj", "{E46A69EC-BC6D-4A9D-92E0-BF933BEBBB7F}"
EndProject
Project("{FAE04EC0-301F-11D3-BF4B-00C04F79EFBC}") = "Infrastructure", "Infrastructure\Infrastructure.csproj", "{B923CB81-3E07-4863-9952-67A8C224AD4F}"
EndProject
Project("{FAE04EC0-301F-11D3-BF4B-00C04F79EFBC}") = "Application", "Application\Application.csproj", "{4AB11835-990B-42CC-8141-4D9D6C57E7BB}"
EndProject
Project("{FAE04EC0-301F-11D3-BF4B-00C04F79EFBC}") = "Core", "Domain\Core.csproj", "{FA16FE27-072D-4B59-9A67-624C090CBEFF}"
EndProject
Global
	GlobalSection(SolutionConfigurationPlatforms) = preSolution
		Debug|Any CPU = Debug|Any CPU
		Release|Any CPU = Release|Any CPU
	EndGlobalSection
	GlobalSection(ProjectConfigurationPlatforms) = postSolution
		{E46A69EC-BC6D-4A9D-92E0-BF933BEBBB7F}.Debug|Any CPU.ActiveCfg = Debug|Any CPU
		{E46A69EC-BC6D-4A9D-92E0-BF933BEBBB7F}.Debug|Any CPU.Build.0 = Debug|Any CPU
		{E46A69EC-BC6D-4A9D-92E0-BF933BEBBB7F}.Release|Any CPU.ActiveCfg = Release|Any CPU
		{E46A69EC-BC6D-4A9D-92E0-BF933BEBBB7F}.Release|Any CPU.Build.0 = Release|Any CPU
		{B923CB81-3E07-4863-9952-67A8C224AD4F}.Debug|Any CPU.ActiveCfg = Debug|Any CPU
		{B923CB81-3E07-4863-9952-67A8C224AD4F}.Debug|Any CPU.Build.0 = Debug|Any CPU
		{B923CB81-3E07-4863-9952-67A8C224AD4F}.Release|Any CPU.ActiveCfg = Release|Any CPU
		{B923CB81-3E07-4863-9952-67A8C224AD4F}.Release|Any CPU.Build.0 = Release|Any CPU
		{4AB11835-990B-42CC-8141-4D9D6C57E7BB}.Debug|Any CPU.ActiveCfg = Debug|Any CPU
		{4AB11835-990B-42CC-8141-4D9D6C57E7BB}.Debug|Any CPU.Build.0 = Debug|Any CPU
		{4AB11835-990B-42CC-8141-4D9D6C57E7BB}.Release|Any CPU.ActiveCfg = Release|Any CPU
		{4AB11835-990B-42CC-8141-4D9D6C57E7BB}.Release|Any CPU.Build.0 = Release|Any CPU
		{FA16FE27-072D-4B59-9A67-624C090CBEFF}.Debug|Any CPU.ActiveCfg = Debug|Any CPU
		{FA16FE27-072D-4B59-9A67-624C090CBEFF}.Debug|Any CPU.Build.0 = Debug|Any CPU
		{FA16FE27-072D-4B59-9A67-624C090CBEFF}.Release|Any CPU.ActiveCfg = Release|Any CPU
		{FA16FE27-072D-4B59-9A67-624C090CBEFF}.Release|Any CPU.Build.0 = Release|Any CPU
	EndGlobalSection
	GlobalSection(SolutionProperties) = preSolution
		HideSolutionNode = FALSE
	EndGlobalSection
	GlobalSection(ExtensibilityGlobals) = postSolution
		SolutionGuid = {F426EF76-DDC2-4195-9E24-C7AAC151E2A7}
	EndGlobalSection
EndGlobal
